
Microsoft Visual Studio Solution File, Format Version 12.00
# Visual Studio 14
VisualStudioVersion = 14.0.23107.0
MinimumVisualStudioVersion = 10.0.40219.1
Project("{FAE04EC0-301F-11D3-BF4B-00C04F79EFBC}") = "log4net.Appender.Azure", "log4net.Azure\log4net.Appender.Azure.csproj", "{75570697-D850-47A4-96F6-9A79BF5FCACF}"
EndProject
Project("{FAE04EC0-301F-11D3-BF4B-00C04F79EFBC}") = "log4net.Azure.Tests", "log4net.Azure.Tests\log4net.Azure.Tests.csproj", "{55A7FCFD-F176-4294-9098-0C66416E0DC6}"
EndProject
Project("{FAE04EC0-301F-11D3-BF4B-00C04F79EFBC}") = "log4net.Azure.console", "log4net.Azure.console\log4net.Azure.console.csproj", "{4E2AC9F0-D265-46FE-A8DA-A7CB8AD47867}"
EndProject
Project("{2150E333-8FDC-42A3-9474-1A3956D46DE8}") = ".nuget", ".nuget", "{2B5EB03C-31F9-4625-94B1-FFBF67E1B960}"
	ProjectSection(SolutionItems) = preProject
		.nuget\NuGet.Config = .nuget\NuGet.Config
		.nuget\NuGet.exe = .nuget\NuGet.exe
		.nuget\NuGet.targets = .nuget\NuGet.targets
	EndProjectSection
EndProject
Project("{2150E333-8FDC-42A3-9474-1A3956D46DE8}") = "Solution Items", "Solution Items", "{4D6D01BF-5514-4BEF-8B31-1F67C0C47738}"
	ProjectSection(SolutionItems) = preProject
		LICENSE.md = LICENSE.md
		log4net.Appender.Azure.nuspec = log4net.Appender.Azure.nuspec
		README.md = README.md
	EndProjectSection
EndProject
Global
	GlobalSection(SolutionConfigurationPlatforms) = preSolution
		Debug|Any CPU = Debug|Any CPU
		Release|Any CPU = Release|Any CPU
	EndGlobalSection
	GlobalSection(ProjectConfigurationPlatforms) = postSolution
		{75570697-D850-47A4-96F6-9A79BF5FCACF}.Debug|Any CPU.ActiveCfg = Debug|Any CPU
		{75570697-D850-47A4-96F6-9A79BF5FCACF}.Debug|Any CPU.Build.0 = Debug|Any CPU
		{75570697-D850-47A4-96F6-9A79BF5FCACF}.Release|Any CPU.ActiveCfg = Release|Any CPU
		{75570697-D850-47A4-96F6-9A79BF5FCACF}.Release|Any CPU.Build.0 = Release|Any CPU
		{55A7FCFD-F176-4294-9098-0C66416E0DC6}.Debug|Any CPU.ActiveCfg = Debug|Any CPU
		{55A7FCFD-F176-4294-9098-0C66416E0DC6}.Debug|Any CPU.Build.0 = Debug|Any CPU
		{55A7FCFD-F176-4294-9098-0C66416E0DC6}.Release|Any CPU.ActiveCfg = Release|Any CPU
		{55A7FCFD-F176-4294-9098-0C66416E0DC6}.Release|Any CPU.Build.0 = Release|Any CPU
		{4E2AC9F0-D265-46FE-A8DA-A7CB8AD47867}.Debug|Any CPU.ActiveCfg = Debug|Any CPU
		{4E2AC9F0-D265-46FE-A8DA-A7CB8AD47867}.Debug|Any CPU.Build.0 = Debug|Any CPU
		{4E2AC9F0-D265-46FE-A8DA-A7CB8AD47867}.Release|Any CPU.ActiveCfg = Release|Any CPU
		{4E2AC9F0-D265-46FE-A8DA-A7CB8AD47867}.Release|Any CPU.Build.0 = Release|Any CPU
	EndGlobalSection
	GlobalSection(SolutionProperties) = preSolution
		HideSolutionNode = FALSE
	EndGlobalSection
EndGlobal
